
Microsoft Visual Studio Solution File, Format Version 12.00
# Visual Studio 15
VisualStudioVersion = 15.0.27703.2035
MinimumVisualStudioVersion = 10.0.40219.1
Project("{FAE04EC0-301F-11D3-BF4B-00C04F79EFBC}") = "AppProdutor.Android", "AppProdutor\AppProdutor.Android\AppProdutor.Android.csproj", "{35599BD5-2510-4BC1-8FC1-9204EEDBD5A2}"
EndProject
Project("{FAE04EC0-301F-11D3-BF4B-00C04F79EFBC}") = "AppProdutor.iOS", "AppProdutor\AppProdutor.iOS\AppProdutor.iOS.csproj", "{6454A157-18DE-4312-9A8C-E895BAB58ADA}"
EndProject
Project("{FAE04EC0-301F-11D3-BF4B-00C04F79EFBC}") = "AppProdutor.UWP", "AppProdutor\AppProdutor.UWP\AppProdutor.UWP.csproj", "{2AE1E13F-A547-4F01-A121-B222E38B463B}"
EndProject
Project("{FAE04EC0-301F-11D3-BF4B-00C04F79EFBC}") = "AppProdutor", "AppProdutor\AppProdutor\AppProdutor.csproj", "{FF8663B9-BBD2-4C12-85D8-5EBDE9766251}"
EndProject
Global
	GlobalSection(SolutionConfigurationPlatforms) = preSolution
		Ad-Hoc|Any CPU = Ad-Hoc|Any CPU
		Ad-Hoc|ARM = Ad-Hoc|ARM
		Ad-Hoc|iPhone = Ad-Hoc|iPhone
		Ad-Hoc|iPhoneSimulator = Ad-Hoc|iPhoneSimulator
		Ad-Hoc|x64 = Ad-Hoc|x64
		Ad-Hoc|x86 = Ad-Hoc|x86
		AppStore|Any CPU = AppStore|Any CPU
		AppStore|ARM = AppStore|ARM
		AppStore|iPhone = AppStore|iPhone
		AppStore|iPhoneSimulator = AppStore|iPhoneSimulator
		AppStore|x64 = AppStore|x64
		AppStore|x86 = AppStore|x86
		Debug|Any CPU = Debug|Any CPU
		Debug|ARM = Debug|ARM
		Debug|iPhone = Debug|iPhone
		Debug|iPhoneSimulator = Debug|iPhoneSimulator
		Debug|x64 = Debug|x64
		Debug|x86 = Debug|x86
		Release|Any CPU = Release|Any CPU
		Release|ARM = Release|ARM
		Release|iPhone = Release|iPhone
		Release|iPhoneSimulator = Release|iPhoneSimulator
		Release|x64 = Release|x64
		Release|x86 = Release|x86
	EndGlobalSection
	GlobalSection(ProjectConfigurationPlatforms) = postSolution
		{35599BD5-2510-4BC1-8FC1-9204EEDBD5A2}.Ad-Hoc|Any CPU.ActiveCfg = Release|Any CPU
		{35599BD5-2510-4BC1-8FC1-9204EEDBD5A2}.Ad-Hoc|Any CPU.Build.0 = Release|Any CPU
		{35599BD5-2510-4BC1-8FC1-9204EEDBD5A2}.Ad-Hoc|Any CPU.Deploy.0 = Release|Any CPU
		{35599BD5-2510-4BC1-8FC1-9204EEDBD5A2}.Ad-Hoc|ARM.ActiveCfg = Release|Any CPU
		{35599BD5-2510-4BC1-8FC1-9204EEDBD5A2}.Ad-Hoc|ARM.Build.0 = Release|Any CPU
		{35599BD5-2510-4BC1-8FC1-9204EEDBD5A2}.Ad-Hoc|ARM.Deploy.0 = Release|Any CPU
		{35599BD5-2510-4BC1-8FC1-9204EEDBD5A2}.Ad-Hoc|iPhone.ActiveCfg = Release|Any CPU
		{35599BD5-2510-4BC1-8FC1-9204EEDBD5A2}.Ad-Hoc|iPhone.Build.0 = Release|Any CPU
		{35599BD5-2510-4BC1-8FC1-9204EEDBD5A2}.Ad-Hoc|iPhone.Deploy.0 = Release|Any CPU
		{35599BD5-2510-4BC1-8FC1-9204EEDBD5A2}.Ad-Hoc|iPhoneSimulator.ActiveCfg = Release|Any CPU
		{35599BD5-2510-4BC1-8FC1-9204EEDBD5A2}.Ad-Hoc|iPhoneSimulator.Build.0 = Release|Any CPU
		{35599BD5-2510-4BC1-8FC1-9204EEDBD5A2}.Ad-Hoc|iPhoneSimulator.Deploy.0 = Release|Any CPU
		{35599BD5-2510-4BC1-8FC1-9204EEDBD5A2}.Ad-Hoc|x64.ActiveCfg = Release|Any CPU
		{35599BD5-2510-4BC1-8FC1-9204EEDBD5A2}.Ad-Hoc|x64.Build.0 = Release|Any CPU
		{35599BD5-2510-4BC1-8FC1-9204EEDBD5A2}.Ad-Hoc|x64.Deploy.0 = Release|Any CPU
		{35599BD5-2510-4BC1-8FC1-9204EEDBD5A2}.Ad-Hoc|x86.ActiveCfg = Release|Any CPU
		{35599BD5-2510-4BC1-8FC1-9204EEDBD5A2}.Ad-Hoc|x86.Build.0 = Release|Any CPU
		{35599BD5-2510-4BC1-8FC1-9204EEDBD5A2}.Ad-Hoc|x86.Deploy.0 = Release|Any CPU
		{35599BD5-2510-4BC1-8FC1-9204EEDBD5A2}.AppStore|Any CPU.ActiveCfg = Release|Any CPU
		{35599BD5-2510-4BC1-8FC1-9204EEDBD5A2}.AppStore|Any CPU.Build.0 = Release|Any CPU
		{35599BD5-2510-4BC1-8FC1-9204EEDBD5A2}.AppStore|Any CPU.Deploy.0 = Release|Any CPU
		{35599BD5-2510-4BC1-8FC1-9204EEDBD5A2}.AppStore|ARM.ActiveCfg = Release|Any CPU
		{35599BD5-2510-4BC1-8FC1-9204EEDBD5A2}.AppStore|ARM.Build.0 = Release|Any CPU
		{35599BD5-2510-4BC1-8FC1-9204EEDBD5A2}.AppStore|ARM.Deploy.0 = Release|Any CPU
		{35599BD5-2510-4BC1-8FC1-9204EEDBD5A2}.AppStore|iPhone.ActiveCfg = Release|Any CPU
		{35599BD5-2510-4BC1-8FC1-9204EEDBD5A2}.AppStore|iPhone.Build.0 = Release|Any CPU
		{35599BD5-2510-4BC1-8FC1-9204EEDBD5A2}.AppStore|iPhone.Deploy.0 = Release|Any CPU
		{35599BD5-2510-4BC1-8FC1-9204EEDBD5A2}.AppStore|iPhoneSimulator.ActiveCfg = Release|Any CPU
		{35599BD5-2510-4BC1-8FC1-9204EEDBD5A2}.AppStore|iPhoneSimulator.Build.0 = Release|Any CPU
		{35599BD5-2510-4BC1-8FC1-9204EEDBD5A2}.AppStore|iPhoneSimulator.Deploy.0 = Release|Any CPU
		{35599BD5-2510-4BC1-8FC1-9204EEDBD5A2}.AppStore|x64.ActiveCfg = Release|Any CPU
		{35599BD5-2510-4BC1-8FC1-9204EEDBD5A2}.AppStore|x64.Build.0 = Release|Any CPU
		{35599BD5-2510-4BC1-8FC1-9204EEDBD5A2}.AppStore|x64.Deploy.0 = Release|Any CPU
		{35599BD5-2510-4BC1-8FC1-9204EEDBD5A2}.AppStore|x86.ActiveCfg = Release|Any CPU
		{35599BD5-2510-4BC1-8FC1-9204EEDBD5A2}.AppStore|x86.Build.0 = Release|Any CPU
		{35599BD5-2510-4BC1-8FC1-9204EEDBD5A2}.AppStore|x86.Deploy.0 = Release|Any CPU
		{35599BD5-2510-4BC1-8FC1-9204EEDBD5A2}.Debug|Any CPU.ActiveCfg = Debug|Any CPU
		{35599BD5-2510-4BC1-8FC1-9204EEDBD5A2}.Debug|Any CPU.Build.0 = Debug|Any CPU
		{35599BD5-2510-4BC1-8FC1-9204EEDBD5A2}.Debug|Any CPU.Deploy.0 = Debug|Any CPU
		{35599BD5-2510-4BC1-8FC1-9204EEDBD5A2}.Debug|ARM.ActiveCfg = Debug|Any CPU
		{35599BD5-2510-4BC1-8FC1-9204EEDBD5A2}.Debug|ARM.Build.0 = Debug|Any CPU
		{35599BD5-2510-4BC1-8FC1-9204EEDBD5A2}.Debug|ARM.Deploy.0 = Debug|Any CPU
		{35599BD5-2510-4BC1-8FC1-9204EEDBD5A2}.Debug|iPhone.ActiveCfg = Debug|Any CPU
		{35599BD5-2510-4BC1-8FC1-9204EEDBD5A2}.Debug|iPhone.Build.0 = Debug|Any CPU
		{35599BD5-2510-4BC1-8FC1-9204EEDBD5A2}.Debug|iPhone.Deploy.0 = Debug|Any CPU
		{35599BD5-2510-4BC1-8FC1-9204EEDBD5A2}.Debug|iPhoneSimulator.ActiveCfg = Debug|Any CPU
		{35599BD5-2510-4BC1-8FC1-9204EEDBD5A2}.Debug|iPhoneSimulator.Build.0 = Debug|Any CPU
		{35599BD5-2510-4BC1-8FC1-9204EEDBD5A2}.Debug|iPhoneSimulator.Deploy.0 = Debug|Any CPU
		{35599BD5-2510-4BC1-8FC1-9204EEDBD5A2}.Debug|x64.ActiveCfg = Debug|Any CPU
		{35599BD5-2510-4BC1-8FC1-9204EEDBD5A2}.Debug|x64.Build.0 = Debug|Any CPU
		{35599BD5-2510-4BC1-8FC1-9204EEDBD5A2}.Debug|x64.Deploy.0 = Debug|Any CPU
		{35599BD5-2510-4BC1-8FC1-9204EEDBD5A2}.Debug|x86.ActiveCfg = Debug|Any CPU
		{35599BD5-2510-4BC1-8FC1-9204EEDBD5A2}.Debug|x86.Build.0 = Debug|Any CPU
		{35599BD5-2510-4BC1-8FC1-9204EEDBD5A2}.Debug|x86.Deploy.0 = Debug|Any CPU
		{35599BD5-2510-4BC1-8FC1-9204EEDBD5A2}.Release|Any CPU.ActiveCfg = Release|Any CPU
		{35599BD5-2510-4BC1-8FC1-9204EEDBD5A2}.Release|Any CPU.Build.0 = Release|Any CPU
		{35599BD5-2510-4BC1-8FC1-9204EEDBD5A2}.Release|Any CPU.Deploy.0 = Release|Any CPU
		{35599BD5-2510-4BC1-8FC1-9204EEDBD5A2}.Release|ARM.ActiveCfg = Release|Any CPU
		{35599BD5-2510-4BC1-8FC1-9204EEDBD5A2}.Release|ARM.Build.0 = Release|Any CPU
		{35599BD5-2510-4BC1-8FC1-9204EEDBD5A2}.Release|ARM.Deploy.0 = Release|Any CPU
		{35599BD5-2510-4BC1-8FC1-9204EEDBD5A2}.Release|iPhone.ActiveCfg = Release|Any CPU
		{35599BD5-2510-4BC1-8FC1-9204EEDBD5A2}.Release|iPhone.Build.0 = Release|Any CPU
		{35599BD5-2510-4BC1-8FC1-9204EEDBD5A2}.Release|iPhone.Deploy.0 = Release|Any CPU
		{35599BD5-2510-4BC1-8FC1-9204EEDBD5A2}.Release|iPhoneSimulator.ActiveCfg = Release|Any CPU
		{35599BD5-2510-4BC1-8FC1-9204EEDBD5A2}.Release|iPhoneSimulator.Build.0 = Release|Any CPU
		{35599BD5-2510-4BC1-8FC1-9204EEDBD5A2}.Release|iPhoneSimulator.Deploy.0 = Release|Any CPU
		{35599BD5-2510-4BC1-8FC1-9204EEDBD5A2}.Release|x64.ActiveCfg = Release|Any CPU
		{35599BD5-2510-4BC1-8FC1-9204EEDBD5A2}.Release|x64.Build.0 = Release|Any CPU
		{35599BD5-2510-4BC1-8FC1-9204EEDBD5A2}.Release|x64.Deploy.0 = Release|Any CPU
		{35599BD5-2510-4BC1-8FC1-9204EEDBD5A2}.Release|x86.ActiveCfg = Release|Any CPU
		{35599BD5-2510-4BC1-8FC1-9204EEDBD5A2}.Release|x86.Build.0 = Release|Any CPU
		{35599BD5-2510-4BC1-8FC1-9204EEDBD5A2}.Release|x86.Deploy.0 = Release|Any CPU
		{6454A157-18DE-4312-9A8C-E895BAB58ADA}.Ad-Hoc|Any CPU.ActiveCfg = Ad-Hoc|iPhone
		{6454A157-18DE-4312-9A8C-E895BAB58ADA}.Ad-Hoc|Any CPU.Build.0 = Ad-Hoc|iPhone
		{6454A157-18DE-4312-9A8C-E895BAB58ADA}.Ad-Hoc|Any CPU.Deploy.0 = Ad-Hoc|iPhone
		{6454A157-18DE-4312-9A8C-E895BAB58ADA}.Ad-Hoc|ARM.ActiveCfg = Ad-Hoc|iPhone
		{6454A157-18DE-4312-9A8C-E895BAB58ADA}.Ad-Hoc|ARM.Build.0 = Ad-Hoc|iPhone
		{6454A157-18DE-4312-9A8C-E895BAB58ADA}.Ad-Hoc|ARM.Deploy.0 = Ad-Hoc|iPhone
		{6454A157-18DE-4312-9A8C-E895BAB58ADA}.Ad-Hoc|iPhone.ActiveCfg = Ad-Hoc|iPhone
		{6454A157-18DE-4312-9A8C-E895BAB58ADA}.Ad-Hoc|iPhone.Build.0 = Ad-Hoc|iPhone
		{6454A157-18DE-4312-9A8C-E895BAB58ADA}.Ad-Hoc|iPhone.Deploy.0 = Ad-Hoc|iPhone
		{6454A157-18DE-4312-9A8C-E895BAB58ADA}.Ad-Hoc|iPhoneSimulator.ActiveCfg = Ad-Hoc|iPhoneSimulator
		{6454A157-18DE-4312-9A8C-E895BAB58ADA}.Ad-Hoc|iPhoneSimulator.Build.0 = Ad-Hoc|iPhoneSimulator
		{6454A157-18DE-4312-9A8C-E895BAB58ADA}.Ad-Hoc|iPhoneSimulator.Deploy.0 = Ad-Hoc|iPhoneSimulator
		{6454A157-18DE-4312-9A8C-E895BAB58ADA}.Ad-Hoc|x64.ActiveCfg = Ad-Hoc|iPhone
		{6454A157-18DE-4312-9A8C-E895BAB58ADA}.Ad-Hoc|x64.Build.0 = Ad-Hoc|iPhone
		{6454A157-18DE-4312-9A8C-E895BAB58ADA}.Ad-Hoc|x64.Deploy.0 = Ad-Hoc|iPhone
		{6454A157-18DE-4312-9A8C-E895BAB58ADA}.Ad-Hoc|x86.ActiveCfg = Ad-Hoc|iPhone
		{6454A157-18DE-4312-9A8C-E895BAB58ADA}.Ad-Hoc|x86.Build.0 = Ad-Hoc|iPhone
		{6454A157-18DE-4312-9A8C-E895BAB58ADA}.Ad-Hoc|x86.Deploy.0 = Ad-Hoc|iPhone
		{6454A157-18DE-4312-9A8C-E895BAB58ADA}.AppStore|Any CPU.ActiveCfg = AppStore|iPhone
		{6454A157-18DE-4312-9A8C-E895BAB58ADA}.AppStore|Any CPU.Build.0 = AppStore|iPhone
		{6454A157-18DE-4312-9A8C-E895BAB58ADA}.AppStore|Any CPU.Deploy.0 = AppStore|iPhone
		{6454A157-18DE-4312-9A8C-E895BAB58ADA}.AppStore|ARM.ActiveCfg = AppStore|iPhone
		{6454A157-18DE-4312-9A8C-E895BAB58ADA}.AppStore|ARM.Build.0 = AppStore|iPhone
		{6454A157-18DE-4312-9A8C-E895BAB58ADA}.AppStore|ARM.Deploy.0 = AppStore|iPhone
		{6454A157-18DE-4312-9A8C-E895BAB58ADA}.AppStore|iPhone.ActiveCfg = AppStore|iPhone
		{6454A157-18DE-4312-9A8C-E895BAB58ADA}.AppStore|iPhone.Build.0 = AppStore|iPhone
		{6454A157-18DE-4312-9A8C-E895BAB58ADA}.AppStore|iPhone.Deploy.0 = AppStore|iPhone
		{6454A157-18DE-4312-9A8C-E895BAB58ADA}.AppStore|iPhoneSimulator.ActiveCfg = AppStore|iPhoneSimulator
		{6454A157-18DE-4312-9A8C-E895BAB58ADA}.AppStore|iPhoneSimulator.Build.0 = AppStore|iPhoneSimulator
		{6454A157-18DE-4312-9A8C-E895BAB58ADA}.AppStore|iPhoneSimulator.Deploy.0 = AppStore|iPhoneSimulator
		{6454A157-18DE-4312-9A8C-E895BAB58ADA}.AppStore|x64.ActiveCfg = AppStore|iPhone
		{6454A157-18DE-4312-9A8C-E895BAB58ADA}.AppStore|x64.Build.0 = AppStore|iPhone
		{6454A157-18DE-4312-9A8C-E895BAB58ADA}.AppStore|x64.Deploy.0 = AppStore|iPhone
		{6454A157-18DE-4312-9A8C-E895BAB58ADA}.AppStore|x86.ActiveCfg = AppStore|iPhone
		{6454A157-18DE-4312-9A8C-E895BAB58ADA}.AppStore|x86.Build.0 = AppStore|iPhone
		{6454A157-18DE-4312-9A8C-E895BAB58ADA}.AppStore|x86.Deploy.0 = AppStore|iPhone
		{6454A157-18DE-4312-9A8C-E895BAB58ADA}.Debug|Any CPU.ActiveCfg = Debug|iPhoneSimulator
		{6454A157-18DE-4312-9A8C-E895BAB58ADA}.Debug|Any CPU.Build.0 = Debug|iPhoneSimulator
		{6454A157-18DE-4312-9A8C-E895BAB58ADA}.Debug|Any CPU.Deploy.0 = Debug|iPhoneSimulator
		{6454A157-18DE-4312-9A8C-E895BAB58ADA}.Debug|ARM.ActiveCfg = Debug|iPhone
		{6454A157-18DE-4312-9A8C-E895BAB58ADA}.Debug|ARM.Build.0 = Debug|iPhone
		{6454A157-18DE-4312-9A8C-E895BAB58ADA}.Debug|ARM.Deploy.0 = Debug|iPhone
		{6454A157-18DE-4312-9A8C-E895BAB58ADA}.Debug|iPhone.ActiveCfg = Debug|iPhone
		{6454A157-18DE-4312-9A8C-E895BAB58ADA}.Debug|iPhone.Build.0 = Debug|iPhone
		{6454A157-18DE-4312-9A8C-E895BAB58ADA}.Debug|iPhone.Deploy.0 = Debug|iPhone
		{6454A157-18DE-4312-9A8C-E895BAB58ADA}.Debug|iPhoneSimulator.ActiveCfg = Debug|iPhoneSimulator
		{6454A157-18DE-4312-9A8C-E895BAB58ADA}.Debug|iPhoneSimulator.Build.0 = Debug|iPhoneSimulator
		{6454A157-18DE-4312-9A8C-E895BAB58ADA}.Debug|iPhoneSimulator.Deploy.0 = Debug|iPhoneSimulator
		{6454A157-18DE-4312-9A8C-E895BAB58ADA}.Debug|x64.ActiveCfg = Debug|iPhone
		{6454A157-18DE-4312-9A8C-E895BAB58ADA}.Debug|x64.Build.0 = Debug|iPhone
		{6454A157-18DE-4312-9A8C-E895BAB58ADA}.Debug|x64.Deploy.0 = Debug|iPhone
		{6454A157-18DE-4312-9A8C-E895BAB58ADA}.Debug|x86.ActiveCfg = Debug|iPhone
		{6454A157-18DE-4312-9A8C-E895BAB58ADA}.Debug|x86.Build.0 = Debug|iPhone
		{6454A157-18DE-4312-9A8C-E895BAB58ADA}.Debug|x86.Deploy.0 = Debug|iPhone
		{6454A157-18DE-4312-9A8C-E895BAB58ADA}.Release|Any CPU.ActiveCfg = Release|iPhone
		{6454A157-18DE-4312-9A8C-E895BAB58ADA}.Release|Any CPU.Build.0 = Release|iPhone
		{6454A157-18DE-4312-9A8C-E895BAB58ADA}.Release|Any CPU.Deploy.0 = Release|iPhone
		{6454A157-18DE-4312-9A8C-E895BAB58ADA}.Release|ARM.ActiveCfg = Release|iPhone
		{6454A157-18DE-4312-9A8C-E895BAB58ADA}.Release|ARM.Build.0 = Release|iPhone
		{6454A157-18DE-4312-9A8C-E895BAB58ADA}.Release|ARM.Deploy.0 = Release|iPhone
		{6454A157-18DE-4312-9A8C-E895BAB58ADA}.Release|iPhone.ActiveCfg = Release|iPhone
		{6454A157-18DE-4312-9A8C-E895BAB58ADA}.Release|iPhone.Build.0 = Release|iPhone
		{6454A157-18DE-4312-9A8C-E895BAB58ADA}.Release|iPhone.Deploy.0 = Release|iPhone
		{6454A157-18DE-4312-9A8C-E895BAB58ADA}.Release|iPhoneSimulator.ActiveCfg = Release|iPhoneSimulator
		{6454A157-18DE-4312-9A8C-E895BAB58ADA}.Release|iPhoneSimulator.Build.0 = Release|iPhoneSimulator
		{6454A157-18DE-4312-9A8C-E895BAB58ADA}.Release|iPhoneSimulator.Deploy.0 = Release|iPhoneSimulator
		{6454A157-18DE-4312-9A8C-E895BAB58ADA}.Release|x64.ActiveCfg = Release|iPhone
		{6454A157-18DE-4312-9A8C-E895BAB58ADA}.Release|x64.Build.0 = Release|iPhone
		{6454A157-18DE-4312-9A8C-E895BAB58ADA}.Release|x64.Deploy.0 = Release|iPhone
		{6454A157-18DE-4312-9A8C-E895BAB58ADA}.Release|x86.ActiveCfg = Release|iPhone
		{6454A157-18DE-4312-9A8C-E895BAB58ADA}.Release|x86.Build.0 = Release|iPhone
		{6454A157-18DE-4312-9A8C-E895BAB58ADA}.Release|x86.Deploy.0 = Release|iPhone
		{2AE1E13F-A547-4F01-A121-B222E38B463B}.Ad-Hoc|Any CPU.ActiveCfg = Release|x86
		{2AE1E13F-A547-4F01-A121-B222E38B463B}.Ad-Hoc|Any CPU.Build.0 = Release|x86
		{2AE1E13F-A547-4F01-A121-B222E38B463B}.Ad-Hoc|Any CPU.Deploy.0 = Release|x86
		{2AE1E13F-A547-4F01-A121-B222E38B463B}.Ad-Hoc|ARM.ActiveCfg = Release|ARM
		{2AE1E13F-A547-4F01-A121-B222E38B463B}.Ad-Hoc|ARM.Build.0 = Release|ARM
		{2AE1E13F-A547-4F01-A121-B222E38B463B}.Ad-Hoc|ARM.Deploy.0 = Release|ARM
		{2AE1E13F-A547-4F01-A121-B222E38B463B}.Ad-Hoc|iPhone.ActiveCfg = Release|x86
		{2AE1E13F-A547-4F01-A121-B222E38B463B}.Ad-Hoc|iPhone.Build.0 = Release|x86
		{2AE1E13F-A547-4F01-A121-B222E38B463B}.Ad-Hoc|iPhone.Deploy.0 = Release|x86
		{2AE1E13F-A547-4F01-A121-B222E38B463B}.Ad-Hoc|iPhoneSimulator.ActiveCfg = Release|x86
		{2AE1E13F-A547-4F01-A121-B222E38B463B}.Ad-Hoc|iPhoneSimulator.Build.0 = Release|x86
		{2AE1E13F-A547-4F01-A121-B222E38B463B}.Ad-Hoc|iPhoneSimulator.Deploy.0 = Release|x86
		{2AE1E13F-A547-4F01-A121-B222E38B463B}.Ad-Hoc|x64.ActiveCfg = Release|x64
		{2AE1E13F-A547-4F01-A121-B222E38B463B}.Ad-Hoc|x64.Build.0 = Release|x64
		{2AE1E13F-A547-4F01-A121-B222E38B463B}.Ad-Hoc|x64.Deploy.0 = Release|x64
		{2AE1E13F-A547-4F01-A121-B222E38B463B}.Ad-Hoc|x86.ActiveCfg = Release|x86
		{2AE1E13F-A547-4F01-A121-B222E38B463B}.Ad-Hoc|x86.Build.0 = Release|x86
		{2AE1E13F-A547-4F01-A121-B222E38B463B}.Ad-Hoc|x86.Deploy.0 = Release|x86
		{2AE1E13F-A547-4F01-A121-B222E38B463B}.AppStore|Any CPU.ActiveCfg = Release|x86
		{2AE1E13F-A547-4F01-A121-B222E38B463B}.AppStore|Any CPU.Build.0 = Release|x86
		{2AE1E13F-A547-4F01-A121-B222E38B463B}.AppStore|Any CPU.Deploy.0 = Release|x86
		{2AE1E13F-A547-4F01-A121-B222E38B463B}.AppStore|ARM.ActiveCfg = Release|ARM
		{2AE1E13F-A547-4F01-A121-B222E38B463B}.AppStore|ARM.Build.0 = Release|ARM
		{2AE1E13F-A547-4F01-A121-B222E38B463B}.AppStore|ARM.Deploy.0 = Release|ARM
		{2AE1E13F-A547-4F01-A121-B222E38B463B}.AppStore|iPhone.ActiveCfg = Release|x86
		{2AE1E13F-A547-4F01-A121-B222E38B463B}.AppStore|iPhone.Build.0 = Release|x86
		{2AE1E13F-A547-4F01-A121-B222E38B463B}.AppStore|iPhone.Deploy.0 = Release|x86
		{2AE1E13F-A547-4F01-A121-B222E38B463B}.AppStore|iPhoneSimulator.ActiveCfg = Release|x86
		{2AE1E13F-A547-4F01-A121-B222E38B463B}.AppStore|iPhoneSimulator.Build.0 = Release|x86
		{2AE1E13F-A547-4F01-A121-B222E38B463B}.AppStore|iPhoneSimulator.Deploy.0 = Release|x86
		{2AE1E13F-A547-4F01-A121-B222E38B463B}.AppStore|x64.ActiveCfg = Release|x64
		{2AE1E13F-A547-4F01-A121-B222E38B463B}.AppStore|x64.Build.0 = Release|x64
		{2AE1E13F-A547-4F01-A121-B222E38B463B}.AppStore|x64.Deploy.0 = Release|x64
		{2AE1E13F-A547-4F01-A121-B222E38B463B}.AppStore|x86.ActiveCfg = Release|x86
		{2AE1E13F-A547-4F01-A121-B222E38B463B}.AppStore|x86.Build.0 = Release|x86
		{2AE1E13F-A547-4F01-A121-B222E38B463B}.AppStore|x86.Deploy.0 = Release|x86
		{2AE1E13F-A547-4F01-A121-B222E38B463B}.Debug|Any CPU.ActiveCfg = Debug|x86
		{2AE1E13F-A547-4F01-A121-B222E38B463B}.Debug|Any CPU.Build.0 = Debug|x86
		{2AE1E13F-A547-4F01-A121-B222E38B463B}.Debug|Any CPU.Deploy.0 = Debug|x86
		{2AE1E13F-A547-4F01-A121-B222E38B463B}.Debug|ARM.ActiveCfg = Debug|ARM
		{2AE1E13F-A547-4F01-A121-B222E38B463B}.Debug|ARM.Build.0 = Debug|ARM
		{2AE1E13F-A547-4F01-A121-B222E38B463B}.Debug|ARM.Deploy.0 = Debug|ARM
		{2AE1E13F-A547-4F01-A121-B222E38B463B}.Debug|iPhone.ActiveCfg = Debug|x86
		{2AE1E13F-A547-4F01-A121-B222E38B463B}.Debug|iPhone.Build.0 = Debug|x86
		{2AE1E13F-A547-4F01-A121-B222E38B463B}.Debug|iPhone.Deploy.0 = Debug|x86
		{2AE1E13F-A547-4F01-A121-B222E38B463B}.Debug|iPhoneSimulator.ActiveCfg = Debug|x86
		{2AE1E13F-A547-4F01-A121-B222E38B463B}.Debug|iPhoneSimulator.Build.0 = Debug|x86
		{2AE1E13F-A547-4F01-A121-B222E38B463B}.Debug|iPhoneSimulator.Deploy.0 = Debug|x86
		{2AE1E13F-A547-4F01-A121-B222E38B463B}.Debug|x64.ActiveCfg = Debug|x64
		{2AE1E13F-A547-4F01-A121-B222E38B463B}.Debug|x64.Build.0 = Debug|x64
		{2AE1E13F-A547-4F01-A121-B222E38B463B}.Debug|x64.Deploy.0 = Debug|x64
		{2AE1E13F-A547-4F01-A121-B222E38B463B}.Debug|x86.ActiveCfg = Debug|x86
		{2AE1E13F-A547-4F01-A121-B222E38B463B}.Debug|x86.Build.0 = Debug|x86
		{2AE1E13F-A547-4F01-A121-B222E38B463B}.Debug|x86.Deploy.0 = Debug|x86
		{2AE1E13F-A547-4F01-A121-B222E38B463B}.Release|Any CPU.ActiveCfg = Release|x86
		{2AE1E13F-A547-4F01-A121-B222E38B463B}.Release|Any CPU.Build.0 = Release|x86
		{2AE1E13F-A547-4F01-A121-B222E38B463B}.Release|Any CPU.Deploy.0 = Release|x86
		{2AE1E13F-A547-4F01-A121-B222E38B463B}.Release|ARM.ActiveCfg = Release|ARM
		{2AE1E13F-A547-4F01-A121-B222E38B463B}.Release|ARM.Build.0 = Release|ARM
		{2AE1E13F-A547-4F01-A121-B222E38B463B}.Release|ARM.Deploy.0 = Release|ARM
		{2AE1E13F-A547-4F01-A121-B222E38B463B}.Release|iPhone.ActiveCfg = Release|x86
		{2AE1E13F-A547-4F01-A121-B222E38B463B}.Release|iPhone.Build.0 = Release|x86
		{2AE1E13F-A547-4F01-A121-B222E38B463B}.Release|iPhone.Deploy.0 = Release|x86
		{2AE1E13F-A547-4F01-A121-B222E38B463B}.Release|iPhoneSimulator.ActiveCfg = Release|x86
		{2AE1E13F-A547-4F01-A121-B222E38B463B}.Release|iPhoneSimulator.Build.0 = Release|x86
		{2AE1E13F-A547-4F01-A121-B222E38B463B}.Release|iPhoneSimulator.Deploy.0 = Release|x86
		{2AE1E13F-A547-4F01-A121-B222E38B463B}.Release|x64.ActiveCfg = Release|x64
		{2AE1E13F-A547-4F01-A121-B222E38B463B}.Release|x64.Build.0 = Release|x64
		{2AE1E13F-A547-4F01-A121-B222E38B463B}.Release|x64.Deploy.0 = Release|x64
		{2AE1E13F-A547-4F01-A121-B222E38B463B}.Release|x86.ActiveCfg = Release|x86
		{2AE1E13F-A547-4F01-A121-B222E38B463B}.Release|x86.Build.0 = Release|x86
		{2AE1E13F-A547-4F01-A121-B222E38B463B}.Release|x86.Deploy.0 = Release|x86
		{FF8663B9-BBD2-4C12-85D8-5EBDE9766251}.Ad-Hoc|Any CPU.ActiveCfg = Debug|Any CPU
		{FF8663B9-BBD2-4C12-85D8-5EBDE9766251}.Ad-Hoc|Any CPU.Build.0 = Debug|Any CPU
		{FF8663B9-BBD2-4C12-85D8-5EBDE9766251}.Ad-Hoc|Any CPU.Deploy.0 = Debug|Any CPU
		{FF8663B9-BBD2-4C12-85D8-5EBDE9766251}.Ad-Hoc|ARM.ActiveCfg = Debug|Any CPU
		{FF8663B9-BBD2-4C12-85D8-5EBDE9766251}.Ad-Hoc|ARM.Build.0 = Debug|Any CPU
		{FF8663B9-BBD2-4C12-85D8-5EBDE9766251}.Ad-Hoc|ARM.Deploy.0 = Debug|Any CPU
		{FF8663B9-BBD2-4C12-85D8-5EBDE9766251}.Ad-Hoc|iPhone.ActiveCfg = Debug|Any CPU
		{FF8663B9-BBD2-4C12-85D8-5EBDE9766251}.Ad-Hoc|iPhone.Build.0 = Debug|Any CPU
		{FF8663B9-BBD2-4C12-85D8-5EBDE9766251}.Ad-Hoc|iPhone.Deploy.0 = Debug|Any CPU
		{FF8663B9-BBD2-4C12-85D8-5EBDE9766251}.Ad-Hoc|iPhoneSimulator.ActiveCfg = Debug|Any CPU
		{FF8663B9-BBD2-4C12-85D8-5EBDE9766251}.Ad-Hoc|iPhoneSimulator.Build.0 = Debug|Any CPU
		{FF8663B9-BBD2-4C12-85D8-5EBDE9766251}.Ad-Hoc|iPhoneSimulator.Deploy.0 = Debug|Any CPU
		{FF8663B9-BBD2-4C12-85D8-5EBDE9766251}.Ad-Hoc|x64.ActiveCfg = Debug|Any CPU
		{FF8663B9-BBD2-4C12-85D8-5EBDE9766251}.Ad-Hoc|x64.Build.0 = Debug|Any CPU
		{FF8663B9-BBD2-4C12-85D8-5EBDE9766251}.Ad-Hoc|x64.Deploy.0 = Debug|Any CPU
		{FF8663B9-BBD2-4C12-85D8-5EBDE9766251}.Ad-Hoc|x86.ActiveCfg = Debug|Any CPU
		{FF8663B9-BBD2-4C12-85D8-5EBDE9766251}.Ad-Hoc|x86.Build.0 = Debug|Any CPU
		{FF8663B9-BBD2-4C12-85D8-5EBDE9766251}.Ad-Hoc|x86.Deploy.0 = Debug|Any CPU
		{FF8663B9-BBD2-4C12-85D8-5EBDE9766251}.AppStore|Any CPU.ActiveCfg = Debug|Any CPU
		{FF8663B9-BBD2-4C12-85D8-5EBDE9766251}.AppStore|Any CPU.Build.0 = Debug|Any CPU
		{FF8663B9-BBD2-4C12-85D8-5EBDE9766251}.AppStore|Any CPU.Deploy.0 = Debug|Any CPU
		{FF8663B9-BBD2-4C12-85D8-5EBDE9766251}.AppStore|ARM.ActiveCfg = Debug|Any CPU
		{FF8663B9-BBD2-4C12-85D8-5EBDE9766251}.AppStore|ARM.Build.0 = Debug|Any CPU
		{FF8663B9-BBD2-4C12-85D8-5EBDE9766251}.AppStore|ARM.Deploy.0 = Debug|Any CPU
		{FF8663B9-BBD2-4C12-85D8-5EBDE9766251}.AppStore|iPhone.ActiveCfg = Debug|Any CPU
		{FF8663B9-BBD2-4C12-85D8-5EBDE9766251}.AppStore|iPhone.Build.0 = Debug|Any CPU
		{FF8663B9-BBD2-4C12-85D8-5EBDE9766251}.AppStore|iPhone.Deploy.0 = Debug|Any CPU
		{FF8663B9-BBD2-4C12-85D8-5EBDE9766251}.AppStore|iPhoneSimulator.ActiveCfg = Debug|Any CPU
		{FF8663B9-BBD2-4C12-85D8-5EBDE9766251}.AppStore|iPhoneSimulator.Build.0 = Debug|Any CPU
		{FF8663B9-BBD2-4C12-85D8-5EBDE9766251}.AppStore|iPhoneSimulator.Deploy.0 = Debug|Any CPU
		{FF8663B9-BBD2-4C12-85D8-5EBDE9766251}.AppStore|x64.ActiveCfg = Debug|Any CPU
		{FF8663B9-BBD2-4C12-85D8-5EBDE9766251}.AppStore|x64.Build.0 = Debug|Any CPU
		{FF8663B9-BBD2-4C12-85D8-5EBDE9766251}.AppStore|x64.Deploy.0 = Debug|Any CPU
		{FF8663B9-BBD2-4C12-85D8-5EBDE9766251}.AppStore|x86.ActiveCfg = Debug|Any CPU
		{FF8663B9-BBD2-4C12-85D8-5EBDE9766251}.AppStore|x86.Build.0 = Debug|Any CPU
		{FF8663B9-BBD2-4C12-85D8-5EBDE9766251}.AppStore|x86.Deploy.0 = Debug|Any CPU
		{FF8663B9-BBD2-4C12-85D8-5EBDE9766251}.Debug|Any CPU.ActiveCfg = Debug|Any CPU
		{FF8663B9-BBD2-4C12-85D8-5EBDE9766251}.Debug|Any CPU.Build.0 = Debug|Any CPU
		{FF8663B9-BBD2-4C12-85D8-5EBDE9766251}.Debug|Any CPU.Deploy.0 = Debug|Any CPU
		{FF8663B9-BBD2-4C12-85D8-5EBDE9766251}.Debug|ARM.ActiveCfg = Debug|Any CPU
		{FF8663B9-BBD2-4C12-85D8-5EBDE9766251}.Debug|ARM.Build.0 = Debug|Any CPU
		{FF8663B9-BBD2-4C12-85D8-5EBDE9766251}.Debug|ARM.Deploy.0 = Debug|Any CPU
		{FF8663B9-BBD2-4C12-85D8-5EBDE9766251}.Debug|iPhone.ActiveCfg = Debug|Any CPU
		{FF8663B9-BBD2-4C12-85D8-5EBDE9766251}.Debug|iPhone.Build.0 = Debug|Any CPU
		{FF8663B9-BBD2-4C12-85D8-5EBDE9766251}.Debug|iPhone.Deploy.0 = Debug|Any CPU
		{FF8663B9-BBD2-4C12-85D8-5EBDE9766251}.Debug|iPhoneSimulator.ActiveCfg = Debug|Any CPU
		{FF8663B9-BBD2-4C12-85D8-5EBDE9766251}.Debug|iPhoneSimulator.Build.0 = Debug|Any CPU
		{FF8663B9-BBD2-4C12-85D8-5EBDE9766251}.Debug|iPhoneSimulator.Deploy.0 = Debug|Any CPU
		{FF8663B9-BBD2-4C12-85D8-5EBDE9766251}.Debug|x64.ActiveCfg = Debug|Any CPU
		{FF8663B9-BBD2-4C12-85D8-5EBDE9766251}.Debug|x64.Build.0 = Debug|Any CPU
		{FF8663B9-BBD2-4C12-85D8-5EBDE9766251}.Debug|x64.Deploy.0 = Debug|Any CPU
		{FF8663B9-BBD2-4C12-85D8-5EBDE9766251}.Debug|x86.ActiveCfg = Debug|Any CPU
		{FF8663B9-BBD2-4C12-85D8-5EBDE9766251}.Debug|x86.Build.0 = Debug|Any CPU
		{FF8663B9-BBD2-4C12-85D8-5EBDE9766251}.Debug|x86.Deploy.0 = Debug|Any CPU
		{FF8663B9-BBD2-4C12-85D8-5EBDE9766251}.Release|Any CPU.ActiveCfg = Release|Any CPU
		{FF8663B9-BBD2-4C12-85D8-5EBDE9766251}.Release|Any CPU.Build.0 = Release|Any CPU
		{FF8663B9-BBD2-4C12-85D8-5EBDE9766251}.Release|Any CPU.Deploy.0 = Release|Any CPU
		{FF8663B9-BBD2-4C12-85D8-5EBDE9766251}.Release|ARM.ActiveCfg = Release|Any CPU
		{FF8663B9-BBD2-4C12-85D8-5EBDE9766251}.Release|ARM.Build.0 = Release|Any CPU
		{FF8663B9-BBD2-4C12-85D8-5EBDE9766251}.Release|ARM.Deploy.0 = Release|Any CPU
		{FF8663B9-BBD2-4C12-85D8-5EBDE9766251}.Release|iPhone.ActiveCfg = Release|Any CPU
		{FF8663B9-BBD2-4C12-85D8-5EBDE9766251}.Release|iPhone.Build.0 = Release|Any CPU
		{FF8663B9-BBD2-4C12-85D8-5EBDE9766251}.Release|iPhone.Deploy.0 = Release|Any CPU
		{FF8663B9-BBD2-4C12-85D8-5EBDE9766251}.Release|iPhoneSimulator.ActiveCfg = Release|Any CPU
		{FF8663B9-BBD2-4C12-85D8-5EBDE9766251}.Release|iPhoneSimulator.Build.0 = Release|Any CPU
		{FF8663B9-BBD2-4C12-85D8-5EBDE9766251}.Release|iPhoneSimulator.Deploy.0 = Release|Any CPU
		{FF8663B9-BBD2-4C12-85D8-5EBDE9766251}.Release|x64.ActiveCfg = Release|Any CPU
		{FF8663B9-BBD2-4C12-85D8-5EBDE9766251}.Release|x64.Build.0 = Release|Any CPU
		{FF8663B9-BBD2-4C12-85D8-5EBDE9766251}.Release|x64.Deploy.0 = Release|Any CPU
		{FF8663B9-BBD2-4C12-85D8-5EBDE9766251}.Release|x86.ActiveCfg = Release|Any CPU
		{FF8663B9-BBD2-4C12-85D8-5EBDE9766251}.Release|x86.Build.0 = Release|Any CPU
		{FF8663B9-BBD2-4C12-85D8-5EBDE9766251}.Release|x86.Deploy.0 = Release|Any CPU
	EndGlobalSection
	GlobalSection(SolutionProperties) = preSolution
		HideSolutionNode = FALSE
	EndGlobalSection
	GlobalSection(ExtensibilityGlobals) = postSolution
		SolutionGuid = {1B79BC03-0241-4635-ADF5-873E887328F3}
	EndGlobalSection
EndGlobal
